// !$*UTF8*$!
{
	archiveVersion = 1;
	classes = {
	};
	objectVersion = 77;
	objects = {

/* Begin PBXContainerItemProxy section */
		68C91A292CDD022A0022E182 /* PBXContainerItemProxy */ = {
			isa = PBXContainerItemProxy;
			containerPortal = 68C91A0E2CDD02290022E182 /* Project object */;
			proxyType = 1;
			remoteGlobalIDString = 68C91A152CDD02290022E182;
			remoteInfo = CatsPedia;
		};
		68C91A332CDD022A0022E182 /* PBXContainerItemProxy */ = {
			isa = PBXContainerItemProxy;
			containerPortal = 68C91A0E2CDD02290022E182 /* Project object */;
			proxyType = 1;
			remoteGlobalIDString = 68C91A152CDD02290022E182;
			remoteInfo = CatsPedia;
		};
/* End PBXContainerItemProxy section */

/* Begin PBXFileReference section */
		68C91A162CDD02290022E182 /* CatsPedia.app */ = {isa = PBXFileReference; explicitFileType = wrapper.application; includeInIndex = 0; path = CatsPedia.app; sourceTree = BUILT_PRODUCTS_DIR; };
		68C91A282CDD022A0022E182 /* CatsPediaTests.xctest */ = {isa = PBXFileReference; explicitFileType = wrapper.cfbundle; includeInIndex = 0; path = CatsPediaTests.xctest; sourceTree = BUILT_PRODUCTS_DIR; };
		68C91A322CDD022A0022E182 /* CatsPediaUITests.xctest */ = {isa = PBXFileReference; explicitFileType = wrapper.cfbundle; includeInIndex = 0; path = CatsPediaUITests.xctest; sourceTree = BUILT_PRODUCTS_DIR; };
/* End PBXFileReference section */

/* Begin PBXFileSystemSynchronizedRootGroup section */
		68C91A182CDD02290022E182 /* CatsPedia */ = {
			isa = PBXFileSystemSynchronizedRootGroup;
			path = CatsPedia;
			sourceTree = "<group>";
		};
		68C91A2B2CDD022A0022E182 /* CatsPediaTests */ = {
			isa = PBXFileSystemSynchronizedRootGroup;
			path = CatsPediaTests;
			sourceTree = "<group>";
		};
		68C91A352CDD022A0022E182 /* CatsPediaUITests */ = {
			isa = PBXFileSystemSynchronizedRootGroup;
			path = CatsPediaUITests;
			sourceTree = "<group>";
		};
/* End PBXFileSystemSynchronizedRootGroup section */

/* Begin PBXFrameworksBuildPhase section */
		68C91A132CDD02290022E182 /* Frameworks */ = {
			isa = PBXFrameworksBuildPhase;
			buildActionMask = 2147483647;
			files = (
			);
			runOnlyForDeploymentPostprocessing = 0;
		};
		68C91A252CDD022A0022E182 /* Frameworks */ = {
			isa = PBXFrameworksBuildPhase;
			buildActionMask = 2147483647;
			files = (
			);
			runOnlyForDeploymentPostprocessing = 0;
		};
		68C91A2F2CDD022A0022E182 /* Frameworks */ = {
			isa = PBXFrameworksBuildPhase;
			buildActionMask = 2147483647;
			files = (
			);
			runOnlyForDeploymentPostprocessing = 0;
		};
/* End PBXFrameworksBuildPhase section */

/* Begin PBXGroup section */
		68C91A0D2CDD02290022E182 = {
			isa = PBXGroup;
			children = (
				68C91A182CDD02290022E182 /* CatsPedia */,
				68C91A2B2CDD022A0022E182 /* CatsPediaTests */,
				68C91A352CDD022A0022E182 /* CatsPediaUITests */,
				68C91A172CDD02290022E182 /* Products */,
			);
			sourceTree = "<group>";
		};
		68C91A172CDD02290022E182 /* Products */ = {
			isa = PBXGroup;
			children = (
				68C91A162CDD02290022E182 /* CatsPedia.app */,
				68C91A282CDD022A0022E182 /* CatsPediaTests.xctest */,
				68C91A322CDD022A0022E182 /* CatsPediaUITests.xctest */,
			);
			name = Products;
			sourceTree = "<group>";
		};
/* End PBXGroup section */

/* Begin PBXNativeTarget section */
		68C91A152CDD02290022E182 /* CatsPedia */ = {
			isa = PBXNativeTarget;
			buildConfigurationList = 68C91A3C2CDD022A0022E182 /* Build configuration list for PBXNativeTarget "CatsPedia" */;
			buildPhases = (
				68C91A122CDD02290022E182 /* Sources */,
				68C91A132CDD02290022E182 /* Frameworks */,
				68C91A142CDD02290022E182 /* Resources */,
			);
			buildRules = (
			);
			dependencies = (
			);
			fileSystemSynchronizedGroups = (
				68C91A182CDD02290022E182 /* CatsPedia */,
			);
			name = CatsPedia;
			packageProductDependencies = (
			);
			productName = CatsPedia;
			productReference = 68C91A162CDD02290022E182 /* CatsPedia.app */;
			productType = "com.apple.product-type.application";
		};
		68C91A272CDD022A0022E182 /* CatsPediaTests */ = {
			isa = PBXNativeTarget;
			buildConfigurationList = 68C91A3F2CDD022A0022E182 /* Build configuration list for PBXNativeTarget "CatsPediaTests" */;
			buildPhases = (
				68C91A242CDD022A0022E182 /* Sources */,
				68C91A252CDD022A0022E182 /* Frameworks */,
				68C91A262CDD022A0022E182 /* Resources */,
			);
			buildRules = (
			);
			dependencies = (
				68C91A2A2CDD022A0022E182 /* PBXTargetDependency */,
			);
			fileSystemSynchronizedGroups = (
				68C91A2B2CDD022A0022E182 /* CatsPediaTests */,
			);
			name = CatsPediaTests;
			packageProductDependencies = (
			);
			productName = CatsPediaTests;
			productReference = 68C91A282CDD022A0022E182 /* CatsPediaTests.xctest */;
			productType = "com.apple.product-type.bundle.unit-test";
		};
		68C91A312CDD022A0022E182 /* CatsPediaUITests */ = {
			isa = PBXNativeTarget;
			buildConfigurationList = 68C91A422CDD022A0022E182 /* Build configuration list for PBXNativeTarget "CatsPediaUITests" */;
			buildPhases = (
				68C91A2E2CDD022A0022E182 /* Sources */,
				68C91A2F2CDD022A0022E182 /* Frameworks */,
				68C91A302CDD022A0022E182 /* Resources */,
			);
			buildRules = (
			);
			dependencies = (
				68C91A342CDD022A0022E182 /* PBXTargetDependency */,
			);
			fileSystemSynchronizedGroups = (
				68C91A352CDD022A0022E182 /* CatsPediaUITests */,
			);
			name = CatsPediaUITests;
			packageProductDependencies = (
			);
			productName = CatsPediaUITests;
			productReference = 68C91A322CDD022A0022E182 /* CatsPediaUITests.xctest */;
			productType = "com.apple.product-type.bundle.ui-testing";
		};
/* End PBXNativeTarget section */

/* Begin PBXProject section */
		68C91A0E2CDD02290022E182 /* Project object */ = {
			isa = PBXProject;
			attributes = {
				BuildIndependentTargetsInParallel = 1;
				LastSwiftUpdateCheck = 1600;
				LastUpgradeCheck = 1600;
				TargetAttributes = {
					68C91A152CDD02290022E182 = {
						CreatedOnToolsVersion = 16.0;
					};
					68C91A272CDD022A0022E182 = {
						CreatedOnToolsVersion = 16.0;
						TestTargetID = 68C91A152CDD02290022E182;
					};
					68C91A312CDD022A0022E182 = {
						CreatedOnToolsVersion = 16.0;
						TestTargetID = 68C91A152CDD02290022E182;
					};
				};
			};
			buildConfigurationList = 68C91A112CDD02290022E182 /* Build configuration list for PBXProject "CatsPedia" */;
			developmentRegion = en;
			hasScannedForEncodings = 0;
			knownRegions = (
				en,
				Base,
			);
			mainGroup = 68C91A0D2CDD02290022E182;
			minimizedProjectReferenceProxies = 1;
			preferredProjectObjectVersion = 77;
			productRefGroup = 68C91A172CDD02290022E182 /* Products */;
			projectDirPath = "";
			projectRoot = "";
			targets = (
				68C91A152CDD02290022E182 /* CatsPedia */,
				68C91A272CDD022A0022E182 /* CatsPediaTests */,
				68C91A312CDD022A0022E182 /* CatsPediaUITests */,
			);
		};
/* End PBXProject section */

/* Begin PBXResourcesBuildPhase section */
		68C91A142CDD02290022E182 /* Resources */ = {
			isa = PBXResourcesBuildPhase;
			buildActionMask = 2147483647;
			files = (
			);
			runOnlyForDeploymentPostprocessing = 0;
		};
		68C91A262CDD022A0022E182 /* Resources */ = {
			isa = PBXResourcesBuildPhase;
			buildActionMask = 2147483647;
			files = (
			);
			runOnlyForDeploymentPostprocessing = 0;
		};
		68C91A302CDD022A0022E182 /* Resources */ = {
			isa = PBXResourcesBuildPhase;
			buildActionMask = 2147483647;
			files = (
			);
			runOnlyForDeploymentPostprocessing = 0;
		};
/* End PBXResourcesBuildPhase section */

/* Begin PBXSourcesBuildPhase section */
		68C91A122CDD02290022E182 /* Sources */ = {
			isa = PBXSourcesBuildPhase;
			buildActionMask = 2147483647;
			files = (
			);
			runOnlyForDeploymentPostprocessing = 0;
		};
		68C91A242CDD022A0022E182 /* Sources */ = {
			isa = PBXSourcesBuildPhase;
			buildActionMask = 2147483647;
			files = (
			);
			runOnlyForDeploymentPostprocessing = 0;
		};
		68C91A2E2CDD022A0022E182 /* Sources */ = {
			isa = PBXSourcesBuildPhase;
			buildActionMask = 2147483647;
			files = (
			);
			runOnlyForDeploymentPostprocessing = 0;
		};
/* End PBXSourcesBuildPhase section */

/* Begin PBXTargetDependency section */
		68C91A2A2CDD022A0022E182 /* PBXTargetDependency */ = {
			isa = PBXTargetDependency;
			target = 68C91A152CDD02290022E182 /* CatsPedia */;
			targetProxy = 68C91A292CDD022A0022E182 /* PBXContainerItemProxy */;
		};
		68C91A342CDD022A0022E182 /* PBXTargetDependency */ = {
			isa = PBXTargetDependency;
			target = 68C91A152CDD02290022E182 /* CatsPedia */;
			targetProxy = 68C91A332CDD022A0022E182 /* PBXContainerItemProxy */;
		};
/* End PBXTargetDependency section */

/* Begin XCBuildConfiguration section */
		68C91A3A2CDD022A0022E182 /* Debug */ = {
			isa = XCBuildConfiguration;
			buildSettings = {
				ALWAYS_SEARCH_USER_PATHS = NO;
				ASSETCATALOG_COMPILER_GENERATE_SWIFT_ASSET_SYMBOL_EXTENSIONS = YES;
				CLANG_ANALYZER_NONNULL = YES;
				CLANG_ANALYZER_NUMBER_OBJECT_CONVERSION = YES_AGGRESSIVE;
				CLANG_CXX_LANGUAGE_STANDARD = "gnu++20";
				CLANG_ENABLE_MODULES = YES;
				CLANG_ENABLE_OBJC_ARC = YES;
				CLANG_ENABLE_OBJC_WEAK = YES;
				CLANG_WARN_BLOCK_CAPTURE_AUTORELEASING = YES;
				CLANG_WARN_BOOL_CONVERSION = YES;
				CLANG_WARN_COMMA = YES;
				CLANG_WARN_CONSTANT_CONVERSION = YES;
				CLANG_WARN_DEPRECATED_OBJC_IMPLEMENTATIONS = YES;
				CLANG_WARN_DIRECT_OBJC_ISA_USAGE = YES_ERROR;
				CLANG_WARN_DOCUMENTATION_COMMENTS = YES;
				CLANG_WARN_EMPTY_BODY = YES;
				CLANG_WARN_ENUM_CONVERSION = YES;
				CLANG_WARN_INFINITE_RECURSION = YES;
				CLANG_WARN_INT_CONVERSION = YES;
				CLANG_WARN_NON_LITERAL_NULL_CONVERSION = YES;
				CLANG_WARN_OBJC_IMPLICIT_RETAIN_SELF = YES;
				CLANG_WARN_OBJC_LITERAL_CONVERSION = YES;
				CLANG_WARN_OBJC_ROOT_CLASS = YES_ERROR;
				CLANG_WARN_QUOTED_INCLUDE_IN_FRAMEWORK_HEADER = YES;
				CLANG_WARN_RANGE_LOOP_ANALYSIS = YES;
				CLANG_WARN_STRICT_PROTOTYPES = YES;
				CLANG_WARN_SUSPICIOUS_MOVE = YES;
				CLANG_WARN_UNGUARDED_AVAILABILITY = YES_AGGRESSIVE;
				CLANG_WARN_UNREACHABLE_CODE = YES;
				CLANG_WARN__DUPLICATE_METHOD_MATCH = YES;
				COPY_PHASE_STRIP = NO;
				DEBUG_INFORMATION_FORMAT = dwarf;
				ENABLE_STRICT_OBJC_MSGSEND = YES;
				ENABLE_TESTABILITY = YES;
				ENABLE_USER_SCRIPT_SANDBOXING = YES;
				GCC_C_LANGUAGE_STANDARD = gnu17;
				GCC_DYNAMIC_NO_PIC = NO;
				GCC_NO_COMMON_BLOCKS = YES;
				GCC_OPTIMIZATION_LEVEL = 0;
				GCC_PREPROCESSOR_DEFINITIONS = (
					"DEBUG=1",
					"$(inherited)",
				);
				GCC_WARN_64_TO_32_BIT_CONVERSION = YES;
				GCC_WARN_ABOUT_RETURN_TYPE = YES_ERROR;
				GCC_WARN_UNDECLARED_SELECTOR = YES;
				GCC_WARN_UNINITIALIZED_AUTOS = YES_AGGRESSIVE;
				GCC_WARN_UNUSED_FUNCTION = YES;
				GCC_WARN_UNUSED_VARIABLE = YES;
				IPHONEOS_DEPLOYMENT_TARGET = 18.0;
				LOCALIZATION_PREFERS_STRING_CATALOGS = YES;
				MTL_ENABLE_DEBUG_INFO = INCLUDE_SOURCE;
				MTL_FAST_MATH = YES;
				ONLY_ACTIVE_ARCH = YES;
				SDKROOT = iphoneos;
				SWIFT_ACTIVE_COMPILATION_CONDITIONS = "DEBUG $(inherited)";
				SWIFT_OPTIMIZATION_LEVEL = "-Onone";
			};
			name = Debug;
		};
		68C91A3B2CDD022A0022E182 /* Release */ = {
			isa = XCBuildConfiguration;
			buildSettings = {
				ALWAYS_SEARCH_USER_PATHS = NO;
				ASSETCATALOG_COMPILER_GENERATE_SWIFT_ASSET_SYMBOL_EXTENSIONS = YES;
				CLANG_ANALYZER_NONNULL = YES;
				CLANG_ANALYZER_NUMBER_OBJECT_CONVERSION = YES_AGGRESSIVE;
				CLANG_CXX_LANGUAGE_STANDARD = "gnu++20";
				CLANG_ENABLE_MODULES = YES;
				CLANG_ENABLE_OBJC_ARC = YES;
				CLANG_ENABLE_OBJC_WEAK = YES;
				CLANG_WARN_BLOCK_CAPTURE_AUTORELEASING = YES;
				CLANG_WARN_BOOL_CONVERSION = YES;
				CLANG_WARN_COMMA = YES;
				CLANG_WARN_CONSTANT_CONVERSION = YES;
				CLANG_WARN_DEPRECATED_OBJC_IMPLEMENTATIONS = YES;
				CLANG_WARN_DIRECT_OBJC_ISA_USAGE = YES_ERROR;
				CLANG_WARN_DOCUMENTATION_COMMENTS = YES;
				CLANG_WARN_EMPTY_BODY = YES;
				CLANG_WARN_ENUM_CONVERSION = YES;
				CLANG_WARN_INFINITE_RECURSION = YES;
				CLANG_WARN_INT_CONVERSION = YES;
				CLANG_WARN_NON_LITERAL_NULL_CONVERSION = YES;
				CLANG_WARN_OBJC_IMPLICIT_RETAIN_SELF = YES;
				CLANG_WARN_OBJC_LITERAL_CONVERSION = YES;
				CLANG_WARN_OBJC_ROOT_CLASS = YES_ERROR;
				CLANG_WARN_QUOTED_INCLUDE_IN_FRAMEWORK_HEADER = YES;
				CLANG_WARN_RANGE_LOOP_ANALYSIS = YES;
				CLANG_WARN_STRICT_PROTOTYPES = YES;
				CLANG_WARN_SUSPICIOUS_MOVE = YES;
				CLANG_WARN_UNGUARDED_AVAILABILITY = YES_AGGRESSIVE;
				CLANG_WARN_UNREACHABLE_CODE = YES;
				CLANG_WARN__DUPLICATE_METHOD_MATCH = YES;
				COPY_PHASE_STRIP = NO;
				DEBUG_INFORMATION_FORMAT = "dwarf-with-dsym";
				ENABLE_NS_ASSERTIONS = NO;
				ENABLE_STRICT_OBJC_MSGSEND = YES;
				ENABLE_USER_SCRIPT_SANDBOXING = YES;
				GCC_C_LANGUAGE_STANDARD = gnu17;
				GCC_NO_COMMON_BLOCKS = YES;
				GCC_WARN_64_TO_32_BIT_CONVERSION = YES;
				GCC_WARN_ABOUT_RETURN_TYPE = YES_ERROR;
				GCC_WARN_UNDECLARED_SELECTOR = YES;
				GCC_WARN_UNINITIALIZED_AUTOS = YES_AGGRESSIVE;
				GCC_WARN_UNUSED_FUNCTION = YES;
				GCC_WARN_UNUSED_VARIABLE = YES;
				IPHONEOS_DEPLOYMENT_TARGET = 18.0;
				LOCALIZATION_PREFERS_STRING_CATALOGS = YES;
				MTL_ENABLE_DEBUG_INFO = NO;
				MTL_FAST_MATH = YES;
				SDKROOT = iphoneos;
				SWIFT_COMPILATION_MODE = wholemodule;
				VALIDATE_PRODUCT = YES;
			};
			name = Release;
		};
		68C91A3D2CDD022A0022E182 /* Debug */ = {
			isa = XCBuildConfiguration;
			buildSettings = {
				ASSETCATALOG_COMPILER_APPICON_NAME = AppIcon;
				ASSETCATALOG_COMPILER_GLOBAL_ACCENT_COLOR_NAME = AccentColor;
				CODE_SIGN_STYLE = Automatic;
				CURRENT_PROJECT_VERSION = 1;
				DEVELOPMENT_ASSET_PATHS = "\"CatsPedia/Preview Content\"";
				DEVELOPMENT_TEAM = ZVYH7X6268;
				ENABLE_PREVIEWS = YES;
				GENERATE_INFOPLIST_FILE = YES;
				INFOPLIST_KEY_UIApplicationSceneManifest_Generation = YES;
				INFOPLIST_KEY_UIApplicationSupportsIndirectInputEvents = YES;
				INFOPLIST_KEY_UILaunchScreen_Generation = YES;
				INFOPLIST_KEY_UISupportedInterfaceOrientations = UIInterfaceOrientationPortrait;
				LD_RUNPATH_SEARCH_PATHS = (
					"$(inherited)",
					"@executable_path/Frameworks",
				);
				MARKETING_VERSION = 1.0;
				PRODUCT_BUNDLE_IDENTIFIER = com.josemarques.CatsPedia;
				PRODUCT_NAME = "$(TARGET_NAME)";
				SWIFT_EMIT_LOC_STRINGS = YES;
				SWIFT_VERSION = 5.0;
				TARGETED_DEVICE_FAMILY = "1,2";
			};
			name = Debug;
		};
		68C91A3E2CDD022A0022E182 /* Release */ = {
			isa = XCBuildConfiguration;
			buildSettings = {
				ASSETCATALOG_COMPILER_APPICON_NAME = AppIcon;
				ASSETCATALOG_COMPILER_GLOBAL_ACCENT_COLOR_NAME = AccentColor;
				CODE_SIGN_STYLE = Automatic;
				CURRENT_PROJECT_VERSION = 1;
				DEVELOPMENT_ASSET_PATHS = "\"CatsPedia/Preview Content\"";
				DEVELOPMENT_TEAM = ZVYH7X6268;
				ENABLE_PREVIEWS = YES;
				GENERATE_INFOPLIST_FILE = YES;
				INFOPLIST_KEY_UIApplicationSceneManifest_Generation = YES;
				INFOPLIST_KEY_UIApplicationSupportsIndirectInputEvents = YES;
				INFOPLIST_KEY_UILaunchScreen_Generation = YES;
				INFOPLIST_KEY_UISupportedInterfaceOrientations = UIInterfaceOrientationPortrait;
				LD_RUNPATH_SEARCH_PATHS = (
					"$(inherited)",
					"@executable_path/Frameworks",
				);
				MARKETING_VERSION = 1.0;
				PRODUCT_BUNDLE_IDENTIFIER = com.josemarques.CatsPedia;
				PRODUCT_NAME = "$(TARGET_NAME)";
				SWIFT_EMIT_LOC_STRINGS = YES;
				SWIFT_VERSION = 5.0;
				TARGETED_DEVICE_FAMILY = "1,2";
			};
			name = Release;
		};
		68C91A402CDD022A0022E182 /* Debug */ = {
			isa = XCBuildConfiguration;
			buildSettings = {
				BUNDLE_LOADER = "$(TEST_HOST)";
				CODE_SIGN_STYLE = Automatic;
				CURRENT_PROJECT_VERSION = 1;
				DEVELOPMENT_TEAM = ZVYH7X6268;
				GENERATE_INFOPLIST_FILE = YES;
				IPHONEOS_DEPLOYMENT_TARGET = 18.0;
				MARKETING_VERSION = 1.0;
				PRODUCT_BUNDLE_IDENTIFIER = com.josemarques.CatsPediaTests;
				PRODUCT_NAME = "$(TARGET_NAME)";
				SWIFT_EMIT_LOC_STRINGS = NO;
				SWIFT_VERSION = 5.0;
				TARGETED_DEVICE_FAMILY = "1,2";
				TEST_HOST = "$(BUILT_PRODUCTS_DIR)/CatsPedia.app/$(BUNDLE_EXECUTABLE_FOLDER_PATH)/CatsPedia";
			};
			name = Debug;
		};
		68C91A412CDD022A0022E182 /* Release */ = {
			isa = XCBuildConfiguration;
			buildSettings = {
				BUNDLE_LOADER = "$(TEST_HOST)";
				CODE_SIGN_STYLE = Automatic;
				CURRENT_PROJECT_VERSION = 1;
				DEVELOPMENT_TEAM = ZVYH7X6268;
				GENERATE_INFOPLIST_FILE = YES;
				IPHONEOS_DEPLOYMENT_TARGET = 18.0;
				MARKETING_VERSION = 1.0;
				PRODUCT_BUNDLE_IDENTIFIER = com.josemarques.CatsPediaTests;
				PRODUCT_NAME = "$(TARGET_NAME)";
				SWIFT_EMIT_LOC_STRINGS = NO;
				SWIFT_VERSION = 5.0;
				TARGETED_DEVICE_FAMILY = "1,2";
				TEST_HOST = "$(BUILT_PRODUCTS_DIR)/CatsPedia.app/$(BUNDLE_EXECUTABLE_FOLDER_PATH)/CatsPedia";
			};
			name = Release;
		};
		68C91A432CDD022A0022E182 /* Debug */ = {
			isa = XCBuildConfiguration;
			buildSettings = {
				CODE_SIGN_STYLE = Automatic;
				CURRENT_PROJECT_VERSION = 1;
				DEVELOPMENT_TEAM = ZVYH7X6268;
				GENERATE_INFOPLIST_FILE = YES;
				MARKETING_VERSION = 1.0;
				PRODUCT_BUNDLE_IDENTIFIER = com.josemarques.CatsPediaUITests;
				PRODUCT_NAME = "$(TARGET_NAME)";
				SWIFT_EMIT_LOC_STRINGS = NO;
				SWIFT_VERSION = 5.0;
				TARGETED_DEVICE_FAMILY = "1,2";
				TEST_TARGET_NAME = CatsPedia;
			};
			name = Debug;
		};
		68C91A442CDD022A0022E182 /* Release */ = {
			isa = XCBuildConfiguration;
			buildSettings = {
				CODE_SIGN_STYLE = Automatic;
				CURRENT_PROJECT_VERSION = 1;
				DEVELOPMENT_TEAM = ZVYH7X6268;
				GENERATE_INFOPLIST_FILE = YES;
				MARKETING_VERSION = 1.0;
				PRODUCT_BUNDLE_IDENTIFIER = com.josemarques.CatsPediaUITests;
				PRODUCT_NAME = "$(TARGET_NAME)";
				SWIFT_EMIT_LOC_STRINGS = NO;
				SWIFT_VERSION = 5.0;
				TARGETED_DEVICE_FAMILY = "1,2";
				TEST_TARGET_NAME = CatsPedia;
			};
			name = Release;
		};
/* End XCBuildConfiguration section */

/* Begin XCConfigurationList section */
		68C91A112CDD02290022E182 /* Build configuration list for PBXProject "CatsPedia" */ = {
			isa = XCConfigurationList;
			buildConfigurations = (
				68C91A3A2CDD022A0022E182 /* Debug */,
				68C91A3B2CDD022A0022E182 /* Release */,
			);
			defaultConfigurationIsVisible = 0;
			defaultConfigurationName = Release;
		};
		68C91A3C2CDD022A0022E182 /* Build configuration list for PBXNativeTarget "CatsPedia" */ = {
			isa = XCConfigurationList;
			buildConfigurations = (
				68C91A3D2CDD022A0022E182 /* Debug */,
				68C91A3E2CDD022A0022E182 /* Release */,
			);
			defaultConfigurationIsVisible = 0;
			defaultConfigurationName = Release;
		};
		68C91A3F2CDD022A0022E182 /* Build configuration list for PBXNativeTarget "CatsPediaTests" */ = {
			isa = XCConfigurationList;
			buildConfigurations = (
				68C91A402CDD022A0022E182 /* Debug */,
				68C91A412CDD022A0022E182 /* Release */,
			);
			defaultConfigurationIsVisible = 0;
			defaultConfigurationName = Release;
		};
		68C91A422CDD022A0022E182 /* Build configuration list for PBXNativeTarget "CatsPediaUITests" */ = {
			isa = XCConfigurationList;
			buildConfigurations = (
				68C91A432CDD022A0022E182 /* Debug */,
				68C91A442CDD022A0022E182 /* Release */,
			);
			defaultConfigurationIsVisible = 0;
			defaultConfigurationName = Release;
		};
/* End XCConfigurationList section */
	};
	rootObject = 68C91A0E2CDD02290022E182 /* Project object */;
}
